
Microsoft Visual Studio Solution File, Format Version 12.00
# Visual Studio 14
VisualStudioVersion = 14.0.23107.0
MinimumVisualStudioVersion = 10.0.40219.1
Project("{FAE04EC0-301F-11D3-BF4B-00C04F79EFBC}") = "bencode", "bencode\bencode.csproj", "{13065EA0-D278-4F50-BABB-2D1322A8BCAA}"
EndProject
Project("{FAE04EC0-301F-11D3-BF4B-00C04F79EFBC}") = "bencode.test", "bencode.test\bencode.test.csproj", "{47EA91A3-4B1F-43A6-A0C0-D203483D03D3}"
EndProject
Global
	GlobalSection(SolutionConfigurationPlatforms) = preSolution
		Debug|Any CPU = Debug|Any CPU
		Release|Any CPU = Release|Any CPU
	EndGlobalSection
	GlobalSection(ProjectConfigurationPlatforms) = postSolution
		{13065EA0-D278-4F50-BABB-2D1322A8BCAA}.Debug|Any CPU.ActiveCfg = Debug|Any CPU
		{13065EA0-D278-4F50-BABB-2D1322A8BCAA}.Debug|Any CPU.Build.0 = Debug|Any CPU
		{13065EA0-D278-4F50-BABB-2D1322A8BCAA}.Release|Any CPU.ActiveCfg = Release|Any CPU
		{13065EA0-D278-4F50-BABB-2D1322A8BCAA}.Release|Any CPU.Build.0 = Release|Any CPU
		{47EA91A3-4B1F-43A6-A0C0-D203483D03D3}.Debug|Any CPU.ActiveCfg = Debug|Any CPU
		{47EA91A3-4B1F-43A6-A0C0-D203483D03D3}.Debug|Any CPU.Build.0 = Debug|Any CPU
		{47EA91A3-4B1F-43A6-A0C0-D203483D03D3}.Release|Any CPU.ActiveCfg = Release|Any CPU
		{47EA91A3-4B1F-43A6-A0C0-D203483D03D3}.Release|Any CPU.Build.0 = Release|Any CPU
	EndGlobalSection
	GlobalSection(SolutionProperties) = preSolution
		HideSolutionNode = FALSE
	EndGlobalSection
EndGlobal
